
Microsoft Visual Studio Solution File, Format Version 12.00
# Visual Studio Version 17
VisualStudioVersion = 17.4.33205.214
MinimumVisualStudioVersion = 10.0.40219.1
Project("{9A19103F-16F7-4668-BE54-9A1E7A4F7556}") = "ABPEcommerce.Domain", "src\ABPEcommerce.Domain\ABPEcommerce.Domain.csproj", "{554AD327-6DBA-4F8F-96F8-81CE7A0C863F}"
EndProject
Project("{9A19103F-16F7-4668-BE54-9A1E7A4F7556}") = "ABPEcommerce.Application", "src\ABPEcommerce.Application\ABPEcommerce.Application.csproj", "{1A94A50E-06DC-43C1-80B5-B662820EC3EB}"
EndProject
Project("{9A19103F-16F7-4668-BE54-9A1E7A4F7556}") = "ABPEcommerce.EntityFrameworkCore", "src\ABPEcommerce.EntityFrameworkCore\ABPEcommerce.EntityFrameworkCore.csproj", "{C956DD76-69C8-4A9C-83EA-D17DF83340FD}"
EndProject
Project("{2150E333-8FDC-42A3-9474-1A3956D46DE8}") = "src", "src", "{CA9AC87F-097E-4F15-8393-4BC07735A5B0}"
EndProject
Project("{2150E333-8FDC-42A3-9474-1A3956D46DE8}") = "test", "test", "{04DBDB01-70F4-4E06-B468-8F87850B22BE}"
EndProject
Project("{9A19103F-16F7-4668-BE54-9A1E7A4F7556}") = "ABPEcommerce.Application.Tests", "test\ABPEcommerce.Application.Tests\ABPEcommerce.Application.Tests.csproj", "{50B2631D-129C-47B3-A587-029CCD6099BC}"
EndProject
Project("{9A19103F-16F7-4668-BE54-9A1E7A4F7556}") = "ABPEcommerce.Domain.Shared", "src\ABPEcommerce.Domain.Shared\ABPEcommerce.Domain.Shared.csproj", "{42F719ED-8413-4895-B5B4-5AB56079BC66}"
EndProject
Project("{9A19103F-16F7-4668-BE54-9A1E7A4F7556}") = "ABPEcommerce.Application.Contracts", "src\ABPEcommerce.Application.Contracts\ABPEcommerce.Application.Contracts.csproj", "{520659C8-C734-4298-A3DA-B539DB9DFC0B}"
EndProject
Project("{9A19103F-16F7-4668-BE54-9A1E7A4F7556}") = "ABPEcommerce.HttpApi", "src\ABPEcommerce.HttpApi\ABPEcommerce.HttpApi.csproj", "{4164BDF7-F527-4E85-9CE6-E3C2D7426A27}"
EndProject
Project("{9A19103F-16F7-4668-BE54-9A1E7A4F7556}") = "ABPEcommerce.HttpApi.Client", "src\ABPEcommerce.HttpApi.Client\ABPEcommerce.HttpApi.Client.csproj", "{3B5A0094-670D-4BB1-BFDD-61B88A8773DC}"
EndProject
Project("{9A19103F-16F7-4668-BE54-9A1E7A4F7556}") = "ABPEcommerce.AuthServer", "src\ABPEcommerce.AuthServer\ABPEcommerce.AuthServer.csproj", "{073C361E-B8F4-49F5-93CC-72A3FF49C026}"
EndProject
Project("{9A19103F-16F7-4668-BE54-9A1E7A4F7556}") = "ABPEcommerce.HttpApi.Host", "src\ABPEcommerce.HttpApi.Host\ABPEcommerce.HttpApi.Host.csproj", "{E6D5BF0E-DE92-4D82-A352-EF04B37CB11C}"
EndProject
Project("{9A19103F-16F7-4668-BE54-9A1E7A4F7556}") = "ABPEcommerce.EntityFrameworkCore.Tests", "test\ABPEcommerce.EntityFrameworkCore.Tests\ABPEcommerce.EntityFrameworkCore.Tests.csproj", "{1FE30EB9-74A9-47F5-A9F6-7B1FAB672D81}"
EndProject
Project("{9A19103F-16F7-4668-BE54-9A1E7A4F7556}") = "ABPEcommerce.TestBase", "test\ABPEcommerce.TestBase\ABPEcommerce.TestBase.csproj", "{91853F21-9CD9-4132-BC29-A7D5D84FFFE7}"
EndProject
Project("{9A19103F-16F7-4668-BE54-9A1E7A4F7556}") = "ABPEcommerce.Domain.Tests", "test\ABPEcommerce.Domain.Tests\ABPEcommerce.Domain.Tests.csproj", "{E512F4D9-9375-480F-A2F6-A46509F9D824}"
EndProject
Project("{9A19103F-16F7-4668-BE54-9A1E7A4F7556}") = "ABPEcommerce.HttpApi.Client.ConsoleTestApp", "test\ABPEcommerce.HttpApi.Client.ConsoleTestApp\ABPEcommerce.HttpApi.Client.ConsoleTestApp.csproj", "{EF480016-9127-4916-8735-D2466BDBC582}"
EndProject
Project("{9A19103F-16F7-4668-BE54-9A1E7A4F7556}") = "ABPEcommerce.DbMigrator", "src\ABPEcommerce.DbMigrator\ABPEcommerce.DbMigrator.csproj", "{AA94D832-1CCC-4715-95A9-A483F23A1A5D}"
EndProject
Project("{2150E333-8FDC-42A3-9474-1A3956D46DE8}") = "identity", "identity", "{9F5D526B-0CE5-4476-BB15-2A7B6C1DA99B}"
EndProject
Project("{2150E333-8FDC-42A3-9474-1A3956D46DE8}") = "common", "common", "{225EBC56-8EB6-4A16-9A59-99D8C12E94A6}"
EndProject
Project("{2150E333-8FDC-42A3-9474-1A3956D46DE8}") = "domain", "domain", "{4EEA711F-2071-4D79-BA7D-29AF3C62E22A}"
EndProject
Project("{2150E333-8FDC-42A3-9474-1A3956D46DE8}") = "infrastructure", "infrastructure", "{4E827BD4-B767-4B2F-814B-B2549633E2EB}"
EndProject
Project("{2150E333-8FDC-42A3-9474-1A3956D46DE8}") = "public", "public", "{FE407533-D77E-4E8B-B65F-7BEB778E77B4}"
EndProject
Project("{2150E333-8FDC-42A3-9474-1A3956D46DE8}") = "admin", "admin", "{AF5F922D-DEE1-40EC-8BAD-EA20A6CB4EA4}"
EndProject
Project("{9A19103F-16F7-4668-BE54-9A1E7A4F7556}") = "ABPEcommerce.Admin.Application", "src\ABPEcommerce.Admin.Application\ABPEcommerce.Admin.Application.csproj", "{657BDD86-4DBC-4E68-B11B-F5841D35C822}"
EndProject
Project("{9A19103F-16F7-4668-BE54-9A1E7A4F7556}") = "ABPEcommerce.Admin.Application.Contracts", "src\ABPEcommerce.Admin.Application.Contracts\ABPEcommerce.Admin.Application.Contracts.csproj", "{48062BE4-B025-490C-9AEF-F5E98F8AFA33}"
EndProject
Project("{9A19103F-16F7-4668-BE54-9A1E7A4F7556}") = "ABPEcommerce.Admin.HttpApi", "src\ABPEcommerce.Admin.HttpApi\ABPEcommerce.Admin.HttpApi.csproj", "{164F28B7-2D0A-42D1-B056-92556F774E93}"
EndProject
Project("{9A19103F-16F7-4668-BE54-9A1E7A4F7556}") = "ABPEcommerce.Admin.HttpApi.Client", "src\ABPEcommerce.Admin.HttpApi.Client\ABPEcommerce.Admin.HttpApi.Client.csproj", "{CD4CA1D8-550C-4BCE-9DAF-5E28EAF2AC13}"
EndProject
Project("{9A19103F-16F7-4668-BE54-9A1E7A4F7556}") = "ABPEcommerce.Admin.HttpApi.Host", "src\ABPEcommerce.Admin.HttpApi.Host\ABPEcommerce.Admin.HttpApi.Host.csproj", "{0D22E284-7BBA-4F2D-AC00-735F0D1C6A11}"
EndProject
Project("{2150E333-8FDC-42A3-9474-1A3956D46DE8}") = "public", "public", "{8A13720E-E941-476E-B55F-ED104DAF013B}"
EndProject
Project("{2150E333-8FDC-42A3-9474-1A3956D46DE8}") = "admin", "admin", "{48F0FE7C-372D-4002-BF99-D54C072702E1}"
EndProject
Project("{9A19103F-16F7-4668-BE54-9A1E7A4F7556}") = "ABPEcommerce.Admin.Application.Tests", "test\ABPEcommerce.Admin.Application.Tests\ABPEcommerce.Admin.Application.Tests.csproj", "{8D07941E-38D0-469F-9D11-0E00D1197F6A}"
EndProject
Project("{9A19103F-16F7-4668-BE54-9A1E7A4F7556}") = "ABPEcommerce.Admin.HttpApi.Client.ConsoleTestApp", "test\ABPEcommerce.Admin.HttpApi.Client.ConsoleTestApp\ABPEcommerce.Admin.HttpApi.Client.ConsoleTestApp.csproj", "{90047D44-6FDF-4660-ABE3-28D03975149A}"
EndProject
Project("{2150E333-8FDC-42A3-9474-1A3956D46DE8}") = "share", "share", "{2208C4C1-8A17-49E2-BD3F-10F9F476592F}"
EndProject
Global
	GlobalSection(SolutionConfigurationPlatforms) = preSolution
		Debug|Any CPU = Debug|Any CPU
		Release|Any CPU = Release|Any CPU
	EndGlobalSection
	GlobalSection(ProjectConfigurationPlatforms) = postSolution
		{554AD327-6DBA-4F8F-96F8-81CE7A0C863F}.Debug|Any CPU.ActiveCfg = Debug|Any CPU
		{554AD327-6DBA-4F8F-96F8-81CE7A0C863F}.Debug|Any CPU.Build.0 = Debug|Any CPU
		{554AD327-6DBA-4F8F-96F8-81CE7A0C863F}.Release|Any CPU.ActiveCfg = Release|Any CPU
		{554AD327-6DBA-4F8F-96F8-81CE7A0C863F}.Release|Any CPU.Build.0 = Release|Any CPU
		{1A94A50E-06DC-43C1-80B5-B662820EC3EB}.Debug|Any CPU.ActiveCfg = Debug|Any CPU
		{1A94A50E-06DC-43C1-80B5-B662820EC3EB}.Debug|Any CPU.Build.0 = Debug|Any CPU
		{1A94A50E-06DC-43C1-80B5-B662820EC3EB}.Release|Any CPU.ActiveCfg = Release|Any CPU
		{1A94A50E-06DC-43C1-80B5-B662820EC3EB}.Release|Any CPU.Build.0 = Release|Any CPU
		{C956DD76-69C8-4A9C-83EA-D17DF83340FD}.Debug|Any CPU.ActiveCfg = Debug|Any CPU
		{C956DD76-69C8-4A9C-83EA-D17DF83340FD}.Debug|Any CPU.Build.0 = Debug|Any CPU
		{C956DD76-69C8-4A9C-83EA-D17DF83340FD}.Release|Any CPU.ActiveCfg = Release|Any CPU
		{C956DD76-69C8-4A9C-83EA-D17DF83340FD}.Release|Any CPU.Build.0 = Release|Any CPU
		{50B2631D-129C-47B3-A587-029CCD6099BC}.Debug|Any CPU.ActiveCfg = Debug|Any CPU
		{50B2631D-129C-47B3-A587-029CCD6099BC}.Debug|Any CPU.Build.0 = Debug|Any CPU
		{50B2631D-129C-47B3-A587-029CCD6099BC}.Release|Any CPU.ActiveCfg = Release|Any CPU
		{50B2631D-129C-47B3-A587-029CCD6099BC}.Release|Any CPU.Build.0 = Release|Any CPU
		{42F719ED-8413-4895-B5B4-5AB56079BC66}.Debug|Any CPU.ActiveCfg = Debug|Any CPU
		{42F719ED-8413-4895-B5B4-5AB56079BC66}.Debug|Any CPU.Build.0 = Debug|Any CPU
		{42F719ED-8413-4895-B5B4-5AB56079BC66}.Release|Any CPU.ActiveCfg = Release|Any CPU
		{42F719ED-8413-4895-B5B4-5AB56079BC66}.Release|Any CPU.Build.0 = Release|Any CPU
		{520659C8-C734-4298-A3DA-B539DB9DFC0B}.Debug|Any CPU.ActiveCfg = Debug|Any CPU
		{520659C8-C734-4298-A3DA-B539DB9DFC0B}.Debug|Any CPU.Build.0 = Debug|Any CPU
		{520659C8-C734-4298-A3DA-B539DB9DFC0B}.Release|Any CPU.ActiveCfg = Release|Any CPU
		{520659C8-C734-4298-A3DA-B539DB9DFC0B}.Release|Any CPU.Build.0 = Release|Any CPU
		{4164BDF7-F527-4E85-9CE6-E3C2D7426A27}.Debug|Any CPU.ActiveCfg = Debug|Any CPU
		{4164BDF7-F527-4E85-9CE6-E3C2D7426A27}.Debug|Any CPU.Build.0 = Debug|Any CPU
		{4164BDF7-F527-4E85-9CE6-E3C2D7426A27}.Release|Any CPU.ActiveCfg = Release|Any CPU
		{4164BDF7-F527-4E85-9CE6-E3C2D7426A27}.Release|Any CPU.Build.0 = Release|Any CPU
		{3B5A0094-670D-4BB1-BFDD-61B88A8773DC}.Debug|Any CPU.ActiveCfg = Debug|Any CPU
		{3B5A0094-670D-4BB1-BFDD-61B88A8773DC}.Debug|Any CPU.Build.0 = Debug|Any CPU
		{3B5A0094-670D-4BB1-BFDD-61B88A8773DC}.Release|Any CPU.ActiveCfg = Release|Any CPU
		{3B5A0094-670D-4BB1-BFDD-61B88A8773DC}.Release|Any CPU.Build.0 = Release|Any CPU
		{073C361E-B8F4-49F5-93CC-72A3FF49C026}.Debug|Any CPU.ActiveCfg = Debug|Any CPU
		{073C361E-B8F4-49F5-93CC-72A3FF49C026}.Debug|Any CPU.Build.0 = Debug|Any CPU
		{073C361E-B8F4-49F5-93CC-72A3FF49C026}.Release|Any CPU.ActiveCfg = Release|Any CPU
		{073C361E-B8F4-49F5-93CC-72A3FF49C026}.Release|Any CPU.Build.0 = Release|Any CPU
		{E6D5BF0E-DE92-4D82-A352-EF04B37CB11C}.Debug|Any CPU.ActiveCfg = Debug|Any CPU
		{E6D5BF0E-DE92-4D82-A352-EF04B37CB11C}.Debug|Any CPU.Build.0 = Debug|Any CPU
		{E6D5BF0E-DE92-4D82-A352-EF04B37CB11C}.Release|Any CPU.ActiveCfg = Release|Any CPU
		{E6D5BF0E-DE92-4D82-A352-EF04B37CB11C}.Release|Any CPU.Build.0 = Release|Any CPU
		{1FE30EB9-74A9-47F5-A9F6-7B1FAB672D81}.Debug|Any CPU.ActiveCfg = Debug|Any CPU
		{1FE30EB9-74A9-47F5-A9F6-7B1FAB672D81}.Debug|Any CPU.Build.0 = Debug|Any CPU
		{1FE30EB9-74A9-47F5-A9F6-7B1FAB672D81}.Release|Any CPU.ActiveCfg = Release|Any CPU
		{1FE30EB9-74A9-47F5-A9F6-7B1FAB672D81}.Release|Any CPU.Build.0 = Release|Any CPU
		{91853F21-9CD9-4132-BC29-A7D5D84FFFE7}.Debug|Any CPU.ActiveCfg = Debug|Any CPU
		{91853F21-9CD9-4132-BC29-A7D5D84FFFE7}.Debug|Any CPU.Build.0 = Debug|Any CPU
		{91853F21-9CD9-4132-BC29-A7D5D84FFFE7}.Release|Any CPU.ActiveCfg = Release|Any CPU
		{91853F21-9CD9-4132-BC29-A7D5D84FFFE7}.Release|Any CPU.Build.0 = Release|Any CPU
		{E512F4D9-9375-480F-A2F6-A46509F9D824}.Debug|Any CPU.ActiveCfg = Debug|Any CPU
		{E512F4D9-9375-480F-A2F6-A46509F9D824}.Debug|Any CPU.Build.0 = Debug|Any CPU
		{E512F4D9-9375-480F-A2F6-A46509F9D824}.Release|Any CPU.ActiveCfg = Release|Any CPU
		{E512F4D9-9375-480F-A2F6-A46509F9D824}.Release|Any CPU.Build.0 = Release|Any CPU
		{EF480016-9127-4916-8735-D2466BDBC582}.Debug|Any CPU.ActiveCfg = Debug|Any CPU
		{EF480016-9127-4916-8735-D2466BDBC582}.Debug|Any CPU.Build.0 = Debug|Any CPU
		{EF480016-9127-4916-8735-D2466BDBC582}.Release|Any CPU.ActiveCfg = Release|Any CPU
		{EF480016-9127-4916-8735-D2466BDBC582}.Release|Any CPU.Build.0 = Release|Any CPU
		{AA94D832-1CCC-4715-95A9-A483F23A1A5D}.Debug|Any CPU.ActiveCfg = Debug|Any CPU
		{AA94D832-1CCC-4715-95A9-A483F23A1A5D}.Debug|Any CPU.Build.0 = Debug|Any CPU
		{AA94D832-1CCC-4715-95A9-A483F23A1A5D}.Release|Any CPU.ActiveCfg = Release|Any CPU
		{AA94D832-1CCC-4715-95A9-A483F23A1A5D}.Release|Any CPU.Build.0 = Release|Any CPU
		{657BDD86-4DBC-4E68-B11B-F5841D35C822}.Debug|Any CPU.ActiveCfg = Debug|Any CPU
		{657BDD86-4DBC-4E68-B11B-F5841D35C822}.Debug|Any CPU.Build.0 = Debug|Any CPU
		{657BDD86-4DBC-4E68-B11B-F5841D35C822}.Release|Any CPU.ActiveCfg = Release|Any CPU
		{657BDD86-4DBC-4E68-B11B-F5841D35C822}.Release|Any CPU.Build.0 = Release|Any CPU
		{48062BE4-B025-490C-9AEF-F5E98F8AFA33}.Debug|Any CPU.ActiveCfg = Debug|Any CPU
		{48062BE4-B025-490C-9AEF-F5E98F8AFA33}.Debug|Any CPU.Build.0 = Debug|Any CPU
		{48062BE4-B025-490C-9AEF-F5E98F8AFA33}.Release|Any CPU.ActiveCfg = Release|Any CPU
		{48062BE4-B025-490C-9AEF-F5E98F8AFA33}.Release|Any CPU.Build.0 = Release|Any CPU
		{164F28B7-2D0A-42D1-B056-92556F774E93}.Debug|Any CPU.ActiveCfg = Debug|Any CPU
		{164F28B7-2D0A-42D1-B056-92556F774E93}.Debug|Any CPU.Build.0 = Debug|Any CPU
		{164F28B7-2D0A-42D1-B056-92556F774E93}.Release|Any CPU.ActiveCfg = Release|Any CPU
		{164F28B7-2D0A-42D1-B056-92556F774E93}.Release|Any CPU.Build.0 = Release|Any CPU
		{CD4CA1D8-550C-4BCE-9DAF-5E28EAF2AC13}.Debug|Any CPU.ActiveCfg = Debug|Any CPU
		{CD4CA1D8-550C-4BCE-9DAF-5E28EAF2AC13}.Debug|Any CPU.Build.0 = Debug|Any CPU
		{CD4CA1D8-550C-4BCE-9DAF-5E28EAF2AC13}.Release|Any CPU.ActiveCfg = Release|Any CPU
		{CD4CA1D8-550C-4BCE-9DAF-5E28EAF2AC13}.Release|Any CPU.Build.0 = Release|Any CPU
		{0D22E284-7BBA-4F2D-AC00-735F0D1C6A11}.Debug|Any CPU.ActiveCfg = Debug|Any CPU
		{0D22E284-7BBA-4F2D-AC00-735F0D1C6A11}.Debug|Any CPU.Build.0 = Debug|Any CPU
		{0D22E284-7BBA-4F2D-AC00-735F0D1C6A11}.Release|Any CPU.ActiveCfg = Release|Any CPU
		{0D22E284-7BBA-4F2D-AC00-735F0D1C6A11}.Release|Any CPU.Build.0 = Release|Any CPU
		{8D07941E-38D0-469F-9D11-0E00D1197F6A}.Debug|Any CPU.ActiveCfg = Debug|Any CPU
		{8D07941E-38D0-469F-9D11-0E00D1197F6A}.Debug|Any CPU.Build.0 = Debug|Any CPU
		{8D07941E-38D0-469F-9D11-0E00D1197F6A}.Release|Any CPU.ActiveCfg = Release|Any CPU
		{8D07941E-38D0-469F-9D11-0E00D1197F6A}.Release|Any CPU.Build.0 = Release|Any CPU
		{90047D44-6FDF-4660-ABE3-28D03975149A}.Debug|Any CPU.ActiveCfg = Debug|Any CPU
		{90047D44-6FDF-4660-ABE3-28D03975149A}.Debug|Any CPU.Build.0 = Debug|Any CPU
		{90047D44-6FDF-4660-ABE3-28D03975149A}.Release|Any CPU.ActiveCfg = Release|Any CPU
		{90047D44-6FDF-4660-ABE3-28D03975149A}.Release|Any CPU.Build.0 = Release|Any CPU
	EndGlobalSection
	GlobalSection(SolutionProperties) = preSolution
		HideSolutionNode = FALSE
	EndGlobalSection
	GlobalSection(NestedProjects) = preSolution
		{554AD327-6DBA-4F8F-96F8-81CE7A0C863F} = {4EEA711F-2071-4D79-BA7D-29AF3C62E22A}
		{1A94A50E-06DC-43C1-80B5-B662820EC3EB} = {FE407533-D77E-4E8B-B65F-7BEB778E77B4}
		{C956DD76-69C8-4A9C-83EA-D17DF83340FD} = {4E827BD4-B767-4B2F-814B-B2549633E2EB}
		{50B2631D-129C-47B3-A587-029CCD6099BC} = {8A13720E-E941-476E-B55F-ED104DAF013B}
		{42F719ED-8413-4895-B5B4-5AB56079BC66} = {4EEA711F-2071-4D79-BA7D-29AF3C62E22A}
		{520659C8-C734-4298-A3DA-B539DB9DFC0B} = {FE407533-D77E-4E8B-B65F-7BEB778E77B4}
		{4164BDF7-F527-4E85-9CE6-E3C2D7426A27} = {FE407533-D77E-4E8B-B65F-7BEB778E77B4}
		{3B5A0094-670D-4BB1-BFDD-61B88A8773DC} = {FE407533-D77E-4E8B-B65F-7BEB778E77B4}
		{073C361E-B8F4-49F5-93CC-72A3FF49C026} = {9F5D526B-0CE5-4476-BB15-2A7B6C1DA99B}
		{E6D5BF0E-DE92-4D82-A352-EF04B37CB11C} = {FE407533-D77E-4E8B-B65F-7BEB778E77B4}
		{1FE30EB9-74A9-47F5-A9F6-7B1FAB672D81} = {2208C4C1-8A17-49E2-BD3F-10F9F476592F}
		{91853F21-9CD9-4132-BC29-A7D5D84FFFE7} = {2208C4C1-8A17-49E2-BD3F-10F9F476592F}
		{E512F4D9-9375-480F-A2F6-A46509F9D824} = {2208C4C1-8A17-49E2-BD3F-10F9F476592F}
		{EF480016-9127-4916-8735-D2466BDBC582} = {8A13720E-E941-476E-B55F-ED104DAF013B}
		{AA94D832-1CCC-4715-95A9-A483F23A1A5D} = {4E827BD4-B767-4B2F-814B-B2549633E2EB}
		{9F5D526B-0CE5-4476-BB15-2A7B6C1DA99B} = {CA9AC87F-097E-4F15-8393-4BC07735A5B0}
		{225EBC56-8EB6-4A16-9A59-99D8C12E94A6} = {CA9AC87F-097E-4F15-8393-4BC07735A5B0}
		{4EEA711F-2071-4D79-BA7D-29AF3C62E22A} = {225EBC56-8EB6-4A16-9A59-99D8C12E94A6}
		{4E827BD4-B767-4B2F-814B-B2549633E2EB} = {225EBC56-8EB6-4A16-9A59-99D8C12E94A6}
		{FE407533-D77E-4E8B-B65F-7BEB778E77B4} = {CA9AC87F-097E-4F15-8393-4BC07735A5B0}
		{AF5F922D-DEE1-40EC-8BAD-EA20A6CB4EA4} = {CA9AC87F-097E-4F15-8393-4BC07735A5B0}
		{657BDD86-4DBC-4E68-B11B-F5841D35C822} = {AF5F922D-DEE1-40EC-8BAD-EA20A6CB4EA4}
		{48062BE4-B025-490C-9AEF-F5E98F8AFA33} = {AF5F922D-DEE1-40EC-8BAD-EA20A6CB4EA4}
		{164F28B7-2D0A-42D1-B056-92556F774E93} = {AF5F922D-DEE1-40EC-8BAD-EA20A6CB4EA4}
		{CD4CA1D8-550C-4BCE-9DAF-5E28EAF2AC13} = {AF5F922D-DEE1-40EC-8BAD-EA20A6CB4EA4}
		{0D22E284-7BBA-4F2D-AC00-735F0D1C6A11} = {AF5F922D-DEE1-40EC-8BAD-EA20A6CB4EA4}
		{8A13720E-E941-476E-B55F-ED104DAF013B} = {04DBDB01-70F4-4E06-B468-8F87850B22BE}
		{48F0FE7C-372D-4002-BF99-D54C072702E1} = {04DBDB01-70F4-4E06-B468-8F87850B22BE}
		{8D07941E-38D0-469F-9D11-0E00D1197F6A} = {48F0FE7C-372D-4002-BF99-D54C072702E1}
		{90047D44-6FDF-4660-ABE3-28D03975149A} = {48F0FE7C-372D-4002-BF99-D54C072702E1}
		{2208C4C1-8A17-49E2-BD3F-10F9F476592F} = {04DBDB01-70F4-4E06-B468-8F87850B22BE}
	EndGlobalSection
	GlobalSection(ExtensibilityGlobals) = postSolution
		SolutionGuid = {28315BFD-90E7-4E14-A2EA-F3D23AF4126F}
	EndGlobalSection
EndGlobal
